{
  "nodes": {
    "deadnix": {
      "inputs": {
        "fenix": "fenix",
        "naersk": "naersk",
        "nixpkgs": [
          "nixpkgs"
        ],
        "utils": [
          "flake-utils"
        ]
      },
      "locked": {
        "lastModified": 1642185529,
        "narHash": "sha256-J37re/K/Uf93ThCQdRtjdLBE+mJ47/Bwfsy6lFnttjU=",
        "owner": "astro",
        "repo": "deadnix",
        "rev": "25174e6d50ca9e49a52ecc4017cad6f843a6bf5e",
        "type": "github"
      },
      "original": {
        "owner": "astro",
        "repo": "deadnix",
        "type": "github"
      }
    },
    "fenix": {
      "inputs": {
        "nixpkgs": [
          "deadnix",
          "nixpkgs"
        ],
        "rust-analyzer-src": "rust-analyzer-src"
      },
      "locked": {
        "lastModified": 1641623160,
        "narHash": "sha256-4k7fkAopJzHpJ5Sxk1SmZeXBEeo0XjNqA6SMIaEFQkY=",
        "owner": "nix-community",
        "repo": "fenix",
        "rev": "5312f44f270c6e4bf5a2249d9ef5c4d1bff5bd36",
        "type": "github"
      },
      "original": {
        "owner": "nix-community",
        "repo": "fenix",
        "type": "github"
      }
    },
    "flake-utils": {
      "locked": {
        "lastModified": 1638122382,
        "narHash": "sha256-sQzZzAbvKEqN9s0bzWuYmRaA03v40gaJ4+iL1LXjaeI=",
        "owner": "numtide",
        "repo": "flake-utils",
        "rev": "74f7e4319258e287b0f9cb95426c9853b282730b",
        "type": "github"
      },
      "original": {
        "owner": "numtide",
        "repo": "flake-utils",
        "type": "github"
      }
    },
    "gitignore": {
      "inputs": {
        "nixpkgs": [
          "statix",
          "nixpkgs"
        ]
      },
      "locked": {
        "lastModified": 1635165013,
        "narHash": "sha256-o/BdVjNwcB6jOmzZjOH703BesSkkS5O7ej3xhyO8hAY=",
        "owner": "hercules-ci",
        "repo": "gitignore.nix",
        "rev": "5b9e0ff9d3b551234b4f3eb3983744fa354b17f1",
        "type": "github"
      },
      "original": {
        "owner": "hercules-ci",
        "repo": "gitignore.nix",
        "type": "github"
      }
    },
    "naersk": {
      "inputs": {
        "nixpkgs": [
          "deadnix",
          "nixpkgs"
        ]
      },
      "locked": {
        "lastModified": 1639947939,
        "narHash": "sha256-pGsM8haJadVP80GFq4xhnSpNitYNQpaXk4cnA796Cso=",
        "owner": "nix-community",
        "repo": "naersk",
        "rev": "2fc8ce9d3c025d59fee349c1f80be9785049d653",
        "type": "github"
      },
      "original": {
        "owner": "nix-community",
        "repo": "naersk",
        "type": "github"
      }
    },
    "nix-filter": {
      "locked": {
        "lastModified": 1640906682,
        "narHash": "sha256-P1lsdD08Pj2Ybn2mjFuIKER+UM5Q3v1fFje8rQzGutk=",
        "owner": "ilkecan",
        "repo": "nix-filter",
        "rev": "ba9a1e48007da422cde55d32de9ab587c5677726",
        "type": "github"
      },
      "original": {
        "owner": "ilkecan",
        "repo": "nix-filter",
        "type": "github"
      }
    },
    "nixpkgs": {
      "locked": {
        "lastModified": 1641870998,
        "narHash": "sha256-6HkxR2WZsm37VoQS7jgp6Omd71iw6t1kP8bDbaqCDuI=",
        "owner": "NixOS",
        "repo": "nixpkgs",
        "rev": "386234e2a61e1e8acf94dfa3a3d3ca19a6776efb",
        "type": "github"
      },
      "original": {
        "owner": "NixOS",
        "ref": "nixos-21.11",
        "repo": "nixpkgs",
        "type": "github"
      }
    },
    "root": {
      "inputs": {
        "deadnix": "deadnix",
        "flake-utils": "flake-utils",
        "nix-filter": "nix-filter",
        "nixpkgs": "nixpkgs",
        "statix": "statix"
      }
    },
    "rust-analyzer-src": {
      "flake": false,
      "locked": {
        "lastModified": 1641588777,
        "narHash": "sha256-6q7tG714eiglUTgWvrJ0c73cv7VtnY1NEB4lHfI77ZY=",
        "owner": "rust-analyzer",
        "repo": "rust-analyzer",
        "rev": "54c999893396434725c284fdcfeeb4d47340d53f",
        "type": "github"
      },
      "original": {
        "owner": "rust-analyzer",
        "ref": "nightly",
        "repo": "rust-analyzer",
        "type": "github"
      }
    },
    "statix": {
      "inputs": {
        "fenix": [
          "deadnix",
          "fenix"
        ],
        "gitignore": "gitignore",
        "nixpkgs": [
          "nixpkgs"
        ]
      },
      "locked": {
        "lastModified": 1639455627,
        "narHash": "sha256-vqGwh1AndJAG4lpHtRhfkvu+yAoo0Qxym0c6Imr7StA=",
        "owner": "nerdypepper",
        "repo": "statix",
        "rev": "94a2edf57340ac3f3a2276c88a221ba3125172af",
        "type": "github"
      },
      "original": {
        "owner": "nerdypepper",
        "repo": "statix",
        "type": "github"
      }
    }
  },
  "root": "root",
  "version": 7
}
